
Microsoft Visual Studio Solution File, Format Version 12.00
# Visual Studio Version 17
VisualStudioVersion = 17.5.002.0
MinimumVisualStudioVersion = 10.0.40219.1
Project("{9A19103F-16F7-4668-BE54-9A1E7A4F7556}") = "ModuloApi", "ModuloApi.csproj", "{27C2D54B-D2F5-4DA6-B407-C02C1420A749}"
EndProject
Global
	GlobalSection(SolutionConfigurationPlatforms) = preSolution
		Debug|Any CPU = Debug|Any CPU
		Release|Any CPU = Release|Any CPU
	EndGlobalSection
	GlobalSection(ProjectConfigurationPlatforms) = postSolution
		{27C2D54B-D2F5-4DA6-B407-C02C1420A749}.Debug|Any CPU.ActiveCfg = Debug|Any CPU
		{27C2D54B-D2F5-4DA6-B407-C02C1420A749}.Debug|Any CPU.Build.0 = Debug|Any CPU
		{27C2D54B-D2F5-4DA6-B407-C02C1420A749}.Release|Any CPU.ActiveCfg = Release|Any CPU
		{27C2D54B-D2F5-4DA6-B407-C02C1420A749}.Release|Any CPU.Build.0 = Release|Any CPU
	EndGlobalSection
	GlobalSection(SolutionProperties) = preSolution
		HideSolutionNode = FALSE
	EndGlobalSection
	GlobalSection(ExtensibilityGlobals) = postSolution
		SolutionGuid = {C8369B4C-DA51-4EFC-AFD8-DAB2E3477441}
	EndGlobalSection
EndGlobal
